// !$*UTF8*$!
{
	archiveVersion = 1;
	classes = {
	};
	objectVersion = 56;
	objects = {

/* Begin PBXBuildFile section */
		MAIN_FILE_REF /* MacMetricsApp.swift in Sources */ = {isa = PBXBuildFile; fileRef = MAIN_FILE_ID /* MacMetricsApp.swift */; };
		CONTENT_VIEW_REF /* ContentView.swift in Sources */ = {isa = PBXBuildFile; fileRef = CONTENT_VIEW_ID /* ContentView.swift */; };
		SYSTEM_MONITOR_REF /* SystemMonitor.swift in Sources */ = {isa = PBXBuildFile; fileRef = SYSTEM_MONITOR_ID /* SystemMonitor.swift */; };
		NOTIFICATION_MANAGER_REF /* NotificationManager.swift in Sources */ = {isa = PBXBuildFile; fileRef = NOTIFICATION_MANAGER_ID /* NotificationManager.swift */; };
		STATUS_BAR_VIEW_REF /* StatusBarView.swift in Sources */ = {isa = PBXBuildFile; fileRef = STATUS_BAR_VIEW_ID /* StatusBarView.swift */; };
		DONUT_CHART_VIEW_REF /* DonutChartView.swift in Sources */ = {isa = PBXBuildFile; fileRef = DONUT_CHART_VIEW_ID /* DonutChartView.swift */; };
		ANIMATED_CHART_VIEW_REF /* AnimatedChartView.swift in Sources */ = {isa = PBXBuildFile; fileRef = ANIMATED_CHART_VIEW_ID /* AnimatedChartView.swift */; };
		THEME_REF /* Theme.swift in Sources */ = {isa = PBXBuildFile; fileRef = THEME_ID /* Theme.swift */; };
		PROGRESS_BAR_VIEW_REF /* ProgressBarView.swift in Sources */ = {isa = PBXBuildFile; fileRef = PROGRESS_BAR_VIEW_ID /* ProgressBarView.swift */; };
		NETWORK_SPEED_TEST_REF /* NetworkSpeedTest.swift in Sources */ = {isa = PBXBuildFile; fileRef = NETWORK_SPEED_TEST_ID /* NetworkSpeedTest.swift */; };
		ASSETS_REF /* Assets.xcassets in Resources */ = {isa = PBXBuildFile; fileRef = ASSETS_ID /* Assets.xcassets */; };
		PREVIEW_ASSETS_REF /* Preview Assets.xcassets in Resources */ = {isa = PBXBuildFile; fileRef = PREVIEW_ASSETS_ID /* Preview Assets.xcassets */; };
/* End PBXBuildFile section */

/* Begin PBXFileReference section */
		APP_ID /* MacMetrics.app */ = {isa = PBXFileReference; explicitFileType = wrapper.application; includeInIndex = 0; path = MacMetrics.app; sourceTree = BUILT_PRODUCTS_DIR; };
		MAIN_FILE_ID /* MacMetricsApp.swift */ = {isa = PBXFileReference; lastKnownFileType = sourcecode.swift; path = MacMetricsApp.swift; sourceTree = "<group>"; };
		CONTENT_VIEW_ID /* ContentView.swift */ = {isa = PBXFileReference; lastKnownFileType = sourcecode.swift; path = ContentView.swift; sourceTree = "<group>"; };
		SYSTEM_MONITOR_ID /* SystemMonitor.swift */ = {isa = PBXFileReference; lastKnownFileType = sourcecode.swift; path = SystemMonitor.swift; sourceTree = "<group>"; };
		NOTIFICATION_MANAGER_ID /* NotificationManager.swift */ = {isa = PBXFileReference; lastKnownFileType = sourcecode.swift; path = NotificationManager.swift; sourceTree = "<group>"; };
		STATUS_BAR_VIEW_ID /* StatusBarView.swift */ = {isa = PBXFileReference; lastKnownFileType = sourcecode.swift; path = StatusBarView.swift; sourceTree = "<group>"; };
		DONUT_CHART_VIEW_ID /* DonutChartView.swift */ = {isa = PBXFileReference; lastKnownFileType = sourcecode.swift; path = DonutChartView.swift; sourceTree = "<group>"; };
		ANIMATED_CHART_VIEW_ID /* AnimatedChartView.swift */ = {isa = PBXFileReference; lastKnownFileType = sourcecode.swift; path = AnimatedChartView.swift; sourceTree = "<group>"; };
		THEME_ID /* Theme.swift */ = {isa = PBXFileReference; lastKnownFileType = sourcecode.swift; path = Theme.swift; sourceTree = "<group>"; };
		PROGRESS_BAR_VIEW_ID /* ProgressBarView.swift */ = {isa = PBXFileReference; lastKnownFileType = sourcecode.swift; path = ProgressBarView.swift; sourceTree = "<group>"; };
		NETWORK_SPEED_TEST_ID /* NetworkSpeedTest.swift */ = {isa = PBXFileReference; lastKnownFileType = sourcecode.swift; path = NetworkSpeedTest.swift; sourceTree = "<group>"; };
		ASSETS_ID /* Assets.xcassets */ = {isa = PBXFileReference; lastKnownFileType = folder.assetcatalog; path = Assets.xcassets; sourceTree = "<group>"; };
		PREVIEW_ASSETS_ID /* Preview Assets.xcassets */ = {isa = PBXFileReference; lastKnownFileType = folder.assetcatalog; path = "Preview Assets.xcassets"; sourceTree = "<group>"; };
		INFO_PLIST_ID /* Info.plist */ = {isa = PBXFileReference; lastKnownFileType = text.plist.xml; path = Info.plist; sourceTree = "<group>"; };
		ENTITLEMENTS_ID /* MacMetrics.entitlements */ = {isa = PBXFileReference; lastKnownFileType = text.plist.entitlements; path = MacMetrics.entitlements; sourceTree = "<group>"; };
/* End PBXFileReference section */

/* Begin PBXFrameworksBuildPhase section */
		FRAMEWORKS_ID /* Frameworks */ = {
			isa = PBXFrameworksBuildPhase;
			buildActionMask = 2147483647;
			files = (
			);
			runOnlyForDeploymentPostprocessing = 0;
		};
/* End PBXFrameworksBuildPhase section */

/* Begin PBXGroup section */
		MAIN_GROUP_ID = {
			isa = PBXGroup;
			children = (
				SOURCE_GROUP_ID /* MacMetrics */,
				PRODUCTS_GROUP_ID /* Products */,
			);
			sourceTree = "<group>";
		};
		PRODUCTS_GROUP_ID /* Products */ = {
			isa = PBXGroup;
			children = (
				APP_ID /* MacMetrics.app */,
			);
			name = Products;
			sourceTree = "<group>";
		};
		SOURCE_GROUP_ID /* MacMetrics */ = {
			isa = PBXGroup;
			children = (
				MAIN_FILE_ID /* MacMetricsApp.swift */,
				CONTENT_VIEW_ID /* ContentView.swift */,
				SYSTEM_MONITOR_ID /* SystemMonitor.swift */,
				NOTIFICATION_MANAGER_ID /* NotificationManager.swift */,
				STATUS_BAR_VIEW_ID /* StatusBarView.swift */,
				DONUT_CHART_VIEW_ID /* DonutChartView.swift */,
				ANIMATED_CHART_VIEW_ID /* AnimatedChartView.swift */,
				THEME_ID /* Theme.swift */,
				PROGRESS_BAR_VIEW_ID /* ProgressBarView.swift */,
				NETWORK_SPEED_TEST_ID /* NetworkSpeedTest.swift */,
				ASSETS_ID /* Assets.xcassets */,
				PREVIEW_GROUP_ID /* Preview Content */,
				INFO_PLIST_ID /* Info.plist */,
				ENTITLEMENTS_ID /* MacMetrics.entitlements */,
			);
			path = MacMetrics;
			sourceTree = "<group>";
		};
		PREVIEW_GROUP_ID /* Preview Content */ = {
			isa = PBXGroup;
			children = (
				PREVIEW_ASSETS_ID /* Preview Assets.xcassets */,
			);
			path = "Preview Content";
			sourceTree = "<group>";
		};
/* End PBXGroup section */

/* Begin PBXNativeTarget section */
		TARGET_ID /* MacMetrics */ = {
			isa = PBXNativeTarget;
			buildConfigurationList = CONFIG_LIST_ID /* Build configuration list for PBXNativeTarget "MacMetrics" */;
			buildPhases = (
				SOURCES_ID /* Sources */,
				FRAMEWORKS_ID /* Frameworks */,
				RESOURCES_ID /* Resources */,
			);
			buildRules = (
			);
			dependencies = (
			);
			name = MacMetrics;
			productName = MacMetrics;
			productReference = APP_ID /* MacMetrics.app */;
			productType = "com.apple.product-type.application";
		};
/* End PBXNativeTarget section */

/* Begin PBXProject section */
		PROJECT_ID /* Project object */ = {
			isa = PBXProject;
			attributes = {
				BuildIndependentTargetsInParallel = 1;
				LastSwiftUpdateCheck = 1500;
				LastUpgradeCheck = 1500;
				TargetAttributes = {
					TARGET_ID = {
						CreatedOnToolsVersion = 15.0;
					};
				};
			};
			buildConfigurationList = PROJECT_CONFIG_LIST_ID /* Build configuration list for PBXProject "MacMetrics" */;
			compatibilityVersion = "Xcode 14.0";
			developmentRegion = en;
			hasScannedForEncodings = 0;
			knownRegions = (
				en,
				Base,
			);
			mainGroup = MAIN_GROUP_ID;
			productRefGroup = PRODUCTS_GROUP_ID /* Products */;
			projectDirPath = "";
			projectRoot = "";
			targets = (
				TARGET_ID /* MacMetrics */,
			);
		};
/* End PBXProject section */

/* Begin PBXResourcesBuildPhase section */
		RESOURCES_ID /* Resources */ = {
			isa = PBXResourcesBuildPhase;
			buildActionMask = 2147483647;
			files = (
				PREVIEW_ASSETS_REF /* Preview Assets.xcassets in Resources */,
				ASSETS_REF /* Assets.xcassets in Resources */,
			);
			runOnlyForDeploymentPostprocessing = 0;
		};
/* End PBXResourcesBuildPhase section */

/* Begin PBXSourcesBuildPhase section */
		SOURCES_ID /* Sources */ = {
			isa = PBXSourcesBuildPhase;
			buildActionMask = 2147483647;
			files = (
				CONTENT_VIEW_REF /* ContentView.swift in Sources */,
				SYSTEM_MONITOR_REF /* SystemMonitor.swift in Sources */,
				NOTIFICATION_MANAGER_REF /* NotificationManager.swift in Sources */,
				STATUS_BAR_VIEW_REF /* StatusBarView.swift in Sources */,
				DONUT_CHART_VIEW_REF /* DonutChartView.swift in Sources */,
				ANIMATED_CHART_VIEW_REF /* AnimatedChartView.swift in Sources */,
				THEME_REF /* Theme.swift in Sources */,
				PROGRESS_BAR_VIEW_REF /* ProgressBarView.swift in Sources */,
				NETWORK_SPEED_TEST_REF /* NetworkSpeedTest.swift in Sources */,
				MAIN_FILE_REF /* MacMetricsApp.swift in Sources */,
			);
			runOnlyForDeploymentPostprocessing = 0;
		};
/* End PBXSourcesBuildPhase section */

/* Begin XCBuildConfiguration section */
		DEBUG_CONFIG_ID /* Debug */ = {
			isa = XCBuildConfiguration;
			buildSettings = {
				ALWAYS_SEARCH_USER_PATHS = NO;
				ASSETCATALOG_COMPILER_GENERATE_SWIFT_ASSET_SYMBOL_EXTENSIONS = YES;
				CLANG_ANALYZER_NONNULL = YES;
				CLANG_ANALYZER_NUMBER_OBJECT_CONVERSION = YES_AGGRESSIVE;
				CLANG_CXX_LANGUAGE_STANDARD = "gnu++20";
				CLANG_ENABLE_MODULES = YES;
				CLANG_ENABLE_OBJC_ARC = YES;
				CLANG_ENABLE_OBJC_WEAK = YES;
				CLANG_WARN_BLOCK_CAPTURE_AUTORELEASING = YES;
				CLANG_WARN_BOOL_CONVERSION = YES;
				CLANG_WARN_COMMA = YES;
				CLANG_WARN_CONSTANT_CONVERSION = YES;
				CLANG_WARN_DEPRECATED_OBJC_IMPLEMENTATIONS = YES;
				CLANG_WARN_DIRECT_OBJC_ISA_USAGE = YES_ERROR;
				CLANG_WARN_DOCUMENTATION_COMMENTS = YES;
				CLANG_WARN_EMPTY_BODY = YES;
				CLANG_WARN_ENUM_CONVERSION = YES;
				CLANG_WARN_INFINITE_RECURSION = YES;
				CLANG_WARN_INT_CONVERSION = YES;
				CLANG_WARN_NON_LITERAL_NULL_CONVERSION = YES;
				CLANG_WARN_OBJC_IMPLICIT_RETAIN_SELF = YES;
				CLANG_WARN_OBJC_LITERAL_CONVERSION = YES;
				CLANG_WARN_OBJC_ROOT_CLASS = YES_ERROR;
				CLANG_WARN_QUOTED_INCLUDE_IN_FRAMEWORK_HEADER = YES;
				CLANG_WARN_RANGE_LOOP_ANALYSIS = YES;
				CLANG_WARN_STRICT_PROTOTYPES = YES;
				CLANG_WARN_SUSPICIOUS_MOVE = YES;
				CLANG_WARN_UNGUARDED_AVAILABILITY = YES_AGGRESSIVE;
				CLANG_WARN_UNREACHABLE_CODE = YES;
				CLANG_WARN__DUPLICATE_METHOD_MATCH = YES;
				COPY_PHASE_STRIP = NO;
				DEBUG_INFORMATION_FORMAT = dwarf;
				ENABLE_STRICT_OBJC_MSGSEND = YES;
				ENABLE_TESTABILITY = YES;
				ENABLE_USER_SCRIPT_SANDBOXING = YES;
				GCC_C_LANGUAGE_STANDARD = gnu17;
				GCC_DYNAMIC_NO_PIC = NO;
				GCC_NO_COMMON_BLOCKS = YES;
				GCC_OPTIMIZATION_LEVEL = 0;
				GCC_PREPROCESSOR_DEFINITIONS = (
					"DEBUG=1",
					"$(inherited)",
				);
				GCC_WARN_64_TO_32_BIT_CONVERSION = YES;
				GCC_WARN_ABOUT_RETURN_TYPE = YES_ERROR;
				GCC_WARN_UNDECLARED_SELECTOR = YES;
				GCC_WARN_UNINITIALIZED_AUTOS = YES_AGGRESSIVE;
				GCC_WARN_UNUSED_FUNCTION = YES;
				GCC_WARN_UNUSED_VARIABLE = YES;
				LOCALIZATION_PREFERS_STRING_CATALOGS = YES;
				MACOSX_DEPLOYMENT_TARGET = 14.0;
				MTL_ENABLE_DEBUG_INFO = INCLUDE_SOURCE;
				MTL_FAST_MATH = YES;
				ONLY_ACTIVE_ARCH = YES;
				SDKROOT = macosx;
				SWIFT_ACTIVE_COMPILATION_CONDITIONS = "DEBUG $(inherited)";
				SWIFT_OPTIMIZATION_LEVEL = "-Onone";
			};
			name = Debug;
		};
		RELEASE_CONFIG_ID /* Release */ = {
			isa = XCBuildConfiguration;
			buildSettings = {
				ALWAYS_SEARCH_USER_PATHS = NO;
				ASSETCATALOG_COMPILER_GENERATE_SWIFT_ASSET_SYMBOL_EXTENSIONS = YES;
				CLANG_ANALYZER_NONNULL = YES;
				CLANG_ANALYZER_NUMBER_OBJECT_CONVERSION = YES_AGGRESSIVE;
				CLANG_CXX_LANGUAGE_STANDARD = "gnu++20";
				CLANG_ENABLE_MODULES = YES;
				CLANG_ENABLE_OBJC_ARC = YES;
				CLANG_ENABLE_OBJC_WEAK = YES;
				CLANG_WARN_BLOCK_CAPTURE_AUTORELEASING = YES;
				CLANG_WARN_BOOL_CONVERSION = YES;
				CLANG_WARN_COMMA = YES;
				CLANG_WARN_CONSTANT_CONVERSION = YES;
				CLANG_WARN_DEPRECATED_OBJC_IMPLEMENTATIONS = YES;
				CLANG_WARN_DIRECT_OBJC_ISA_USAGE = YES_ERROR;
				CLANG_WARN_DOCUMENTATION_COMMENTS = YES;
				CLANG_WARN_EMPTY_BODY = YES;
				CLANG_WARN_ENUM_CONVERSION = YES;
				CLANG_WARN_INFINITE_RECURSION = YES;
				CLANG_WARN_INT_CONVERSION = YES;
				CLANG_WARN_NON_LITERAL_NULL_CONVERSION = YES;
				CLANG_WARN_OBJC_IMPLICIT_RETAIN_SELF = YES;
				CLANG_WARN_OBJC_LITERAL_CONVERSION = YES;
				CLANG_WARN_OBJC_ROOT_CLASS = YES_ERROR;
				CLANG_WARN_QUOTED_INCLUDE_IN_FRAMEWORK_HEADER = YES;
				CLANG_WARN_RANGE_LOOP_ANALYSIS = YES;
				CLANG_WARN_STRICT_PROTOTYPES = YES;
				CLANG_WARN_SUSPICIOUS_MOVE = YES;
				CLANG_WARN_UNGUARDED_AVAILABILITY = YES_AGGRESSIVE;
				CLANG_WARN_UNREACHABLE_CODE = YES;
				CLANG_WARN__DUPLICATE_METHOD_MATCH = YES;
				COPY_PHASE_STRIP = NO;
				DEBUG_INFORMATION_FORMAT = "dwarf-with-dsym";
				ENABLE_NS_ASSERTIONS = NO;
				ENABLE_STRICT_OBJC_MSGSEND = YES;
				ENABLE_USER_SCRIPT_SANDBOXING = YES;
				GCC_C_LANGUAGE_STANDARD = gnu17;
				GCC_NO_COMMON_BLOCKS = YES;
				GCC_WARN_64_TO_32_BIT_CONVERSION = YES;
				GCC_WARN_ABOUT_RETURN_TYPE = YES_ERROR;
				GCC_WARN_UNDECLARED_SELECTOR = YES;
				GCC_WARN_UNINITIALIZED_AUTOS = YES_AGGRESSIVE;
				GCC_WARN_UNUSED_FUNCTION = YES;
				GCC_WARN_UNUSED_VARIABLE = YES;
				LOCALIZATION_PREFERS_STRING_CATALOGS = YES;
				MACOSX_DEPLOYMENT_TARGET = 14.0;
				MTL_ENABLE_DEBUG_INFO = NO;
				MTL_FAST_MATH = YES;
				SDKROOT = macosx;
				SWIFT_COMPILATION_MODE = wholemodule;
			};
			name = Release;
		};
		TARGET_DEBUG_CONFIG_ID /* Debug */ = {
			isa = XCBuildConfiguration;
			buildSettings = {
				ASSETCATALOG_COMPILER_APPICON_NAME = AppIcon;
				ASSETCATALOG_COMPILER_GLOBAL_ACCENT_COLOR_NAME = AccentColor;
				CODE_SIGN_ENTITLEMENTS = MacMetrics/MacMetrics.entitlements;
				CODE_SIGN_STYLE = Automatic;
				COMBINE_HIDPI_IMAGES = YES;
				CURRENT_PROJECT_VERSION = 1;
				DEVELOPMENT_ASSET_PATHS = "\"MacMetrics/Preview Content\"";
				ENABLE_PREVIEWS = YES;
				GENERATE_INFOPLIST_FILE = NO;
				INFOPLIST_FILE = MacMetrics/Info.plist;
				INFOPLIST_KEY_NSHumanReadableCopyright = "Copyright © 2023 augmentedmode. All rights reserved.";
				LD_RUNPATH_SEARCH_PATHS = (
					"$(inherited)",
					"@executable_path/../Frameworks",
				);
				MARKETING_VERSION = 1.0;
				PRODUCT_BUNDLE_IDENTIFIER = com.augmentedmode.MacMetrics;
				PRODUCT_NAME = "$(TARGET_NAME)";
				SWIFT_EMIT_LOC_STRINGS = YES;
				SWIFT_VERSION = 5.0;
			};
			name = Debug;
		};
		TARGET_RELEASE_CONFIG_ID /* Release */ = {
			isa = XCBuildConfiguration;
			buildSettings = {
				ASSETCATALOG_COMPILER_APPICON_NAME = AppIcon;
				ASSETCATALOG_COMPILER_GLOBAL_ACCENT_COLOR_NAME = AccentColor;
				CODE_SIGN_ENTITLEMENTS = MacMetrics/MacMetrics.entitlements;
				CODE_SIGN_STYLE = Automatic;
				COMBINE_HIDPI_IMAGES = YES;
				CURRENT_PROJECT_VERSION = 1;
				DEVELOPMENT_ASSET_PATHS = "\"MacMetrics/Preview Content\"";
				ENABLE_PREVIEWS = YES;
				GENERATE_INFOPLIST_FILE = NO;
				INFOPLIST_FILE = MacMetrics/Info.plist;
				INFOPLIST_KEY_NSHumanReadableCopyright = "Copyright © 2023 augmentedmode. All rights reserved.";
				LD_RUNPATH_SEARCH_PATHS = (
					"$(inherited)",
					"@executable_path/../Frameworks",
				);
				MARKETING_VERSION = 1.0;
				PRODUCT_BUNDLE_IDENTIFIER = com.augmentedmode.MacMetrics;
				PRODUCT_NAME = "$(TARGET_NAME)";
				SWIFT_EMIT_LOC_STRINGS = YES;
				SWIFT_VERSION = 5.0;
			};
			name = Release;
		};
/* End XCBuildConfiguration section */

/* Begin XCConfigurationList section */
		PROJECT_CONFIG_LIST_ID /* Build configuration list for PBXProject "MacMetrics" */ = {
			isa = XCConfigurationList;
			buildConfigurations = (
				DEBUG_CONFIG_ID /* Debug */,
				RELEASE_CONFIG_ID /* Release */,
			);
			defaultConfigurationIsVisible = 0;
			defaultConfigurationName = Release;
		};
		CONFIG_LIST_ID /* Build configuration list for PBXNativeTarget "MacMetrics" */ = {
			isa = XCConfigurationList;
			buildConfigurations = (
				TARGET_DEBUG_CONFIG_ID /* Debug */,
				TARGET_RELEASE_CONFIG_ID /* Release */,
			);
			defaultConfigurationIsVisible = 0;
			defaultConfigurationName = Release;
		};
/* End XCConfigurationList section */
	};
	rootObject = PROJECT_ID /* Project object */;
} 